
Microsoft Visual Studio Solution File, Format Version 12.00
# Visual Studio Version 17
VisualStudioVersion = 17.0.31903.59
MinimumVisualStudioVersion = 10.0.40219.1
Project("{FAE04EC0-301F-11D3-BF4B-00C04F79EFBC}") = "Api", "Api\Api.csproj", "{6CA90EC5-6382-4A99-8D36-A5ED6A0E6380}"
EndProject
Project("{FAE04EC0-301F-11D3-BF4B-00C04F79EFBC}") = "Test", "Test\Test.csproj", "{96A51729-BAD6-4F15-8E58-159F7FE402D7}"
EndProject
Global
	GlobalSection(SolutionConfigurationPlatforms) = preSolution
		Debug|Any CPU = Debug|Any CPU
		Release|Any CPU = Release|Any CPU
	EndGlobalSection
	GlobalSection(SolutionProperties) = preSolution
		HideSolutionNode = FALSE
	EndGlobalSection
	GlobalSection(ProjectConfigurationPlatforms) = postSolution
		{6CA90EC5-6382-4A99-8D36-A5ED6A0E6380}.Debug|Any CPU.ActiveCfg = Debug|Any CPU
		{6CA90EC5-6382-4A99-8D36-A5ED6A0E6380}.Debug|Any CPU.Build.0 = Debug|Any CPU
		{6CA90EC5-6382-4A99-8D36-A5ED6A0E6380}.Release|Any CPU.ActiveCfg = Release|Any CPU
		{6CA90EC5-6382-4A99-8D36-A5ED6A0E6380}.Release|Any CPU.Build.0 = Release|Any CPU
		{96A51729-BAD6-4F15-8E58-159F7FE402D7}.Debug|Any CPU.ActiveCfg = Debug|Any CPU
		{96A51729-BAD6-4F15-8E58-159F7FE402D7}.Debug|Any CPU.Build.0 = Debug|Any CPU
		{96A51729-BAD6-4F15-8E58-159F7FE402D7}.Release|Any CPU.ActiveCfg = Release|Any CPU
		{96A51729-BAD6-4F15-8E58-159F7FE402D7}.Release|Any CPU.Build.0 = Release|Any CPU
	EndGlobalSection
EndGlobal
